
Microsoft Visual Studio Solution File, Format Version 12.00
# Visual Studio Version 17
VisualStudioVersion = 17.9.34622.214
MinimumVisualStudioVersion = 10.0.40219.1
Project("{9A19103F-16F7-4668-BE54-9A1E7A4F7556}") = "Polymorphism", "Polymorphism\Polymorphism.csproj", "{F60DCA79-8149-45F1-A137-78809D1D12F4}"
EndProject
Project("{9A19103F-16F7-4668-BE54-9A1E7A4F7556}") = "Inheritance", "Inheritance\Inheritance.csproj", "{AA9A1A96-A994-4850-ACB3-4A6D6E192479}"
EndProject
Project("{9A19103F-16F7-4668-BE54-9A1E7A4F7556}") = "Encapsulation_v2", "Encapsulation_v2\Encapsulation_v2.csproj", "{ADAA6133-46D9-4B09-9D1D-D409BD40F009}"
EndProject
Project("{FAE04EC0-301F-11D3-BF4B-00C04F79EFBC}") = "Generics", "Generics\Generics.csproj", "{A37770C3-808A-45E6-8EE7-4F8A8D5323E2}"
EndProject
Global
	GlobalSection(SolutionConfigurationPlatforms) = preSolution
		Debug|Any CPU = Debug|Any CPU
		Release|Any CPU = Release|Any CPU
	EndGlobalSection
	GlobalSection(ProjectConfigurationPlatforms) = postSolution
		{F60DCA79-8149-45F1-A137-78809D1D12F4}.Debug|Any CPU.ActiveCfg = Debug|Any CPU
		{F60DCA79-8149-45F1-A137-78809D1D12F4}.Debug|Any CPU.Build.0 = Debug|Any CPU
		{F60DCA79-8149-45F1-A137-78809D1D12F4}.Release|Any CPU.ActiveCfg = Release|Any CPU
		{F60DCA79-8149-45F1-A137-78809D1D12F4}.Release|Any CPU.Build.0 = Release|Any CPU
		{AA9A1A96-A994-4850-ACB3-4A6D6E192479}.Debug|Any CPU.ActiveCfg = Debug|Any CPU
		{AA9A1A96-A994-4850-ACB3-4A6D6E192479}.Debug|Any CPU.Build.0 = Debug|Any CPU
		{AA9A1A96-A994-4850-ACB3-4A6D6E192479}.Release|Any CPU.ActiveCfg = Release|Any CPU
		{AA9A1A96-A994-4850-ACB3-4A6D6E192479}.Release|Any CPU.Build.0 = Release|Any CPU
		{ADAA6133-46D9-4B09-9D1D-D409BD40F009}.Debug|Any CPU.ActiveCfg = Debug|Any CPU
		{ADAA6133-46D9-4B09-9D1D-D409BD40F009}.Debug|Any CPU.Build.0 = Debug|Any CPU
		{ADAA6133-46D9-4B09-9D1D-D409BD40F009}.Release|Any CPU.ActiveCfg = Release|Any CPU
		{ADAA6133-46D9-4B09-9D1D-D409BD40F009}.Release|Any CPU.Build.0 = Release|Any CPU
		{A37770C3-808A-45E6-8EE7-4F8A8D5323E2}.Debug|Any CPU.ActiveCfg = Debug|Any CPU
		{A37770C3-808A-45E6-8EE7-4F8A8D5323E2}.Debug|Any CPU.Build.0 = Debug|Any CPU
		{A37770C3-808A-45E6-8EE7-4F8A8D5323E2}.Release|Any CPU.ActiveCfg = Release|Any CPU
		{A37770C3-808A-45E6-8EE7-4F8A8D5323E2}.Release|Any CPU.Build.0 = Release|Any CPU
	EndGlobalSection
	GlobalSection(SolutionProperties) = preSolution
		HideSolutionNode = FALSE
	EndGlobalSection
	GlobalSection(ExtensibilityGlobals) = postSolution
		SolutionGuid = {FABFF1E4-A145-48C6-9FFE-0EE6D2F5CE10}
	EndGlobalSection
EndGlobal
